%{
  "claude_wrapper": {:hex, :claude_wrapper, "0.14.5", "b838ca7d47061ddf5b1ed78d40258b5119667682e0de966a155a85da13009fb4", [:mix], [{:forcola, "~> 0.4.0", [hex: :forcola, repo: "hexpm", optional: true]}, {:jason, "~> 1.4", [hex: :jason, repo: "hexpm", optional: false]}, {:telemetry, "~> 1.0", [hex: :telemetry, repo: "hexpm", optional: false]}], "hexpm", "db20f06fdede4d661ea119f44b36b807fbce1951c5046a338c3b7011f23a4c80"},
  "codex_wrapper": {:hex, :codex_wrapper, "0.5.3", "278806a6a0e4b91a6ac5398edcfc3524162f2220e2ee85917cd12bb0ecef747a", [:mix], [{:forcola, "~> 0.3.5", [hex: :forcola, repo: "hexpm", optional: true]}, {:jason, "~> 1.4", [hex: :jason, repo: "hexpm", optional: false]}, {:telemetry, "~> 1.0", [hex: :telemetry, repo: "hexpm", optional: false]}], "hexpm", "a93b0a27b2520e34fc5d90d91c208509ed4081fa678c7f0af25750f90893d9a7"},
  "crontab": {:hex, :crontab, "1.2.0", "503611820257939d5d0fd272eb2b454f48a470435a809479ddc2c40bb515495c", [:mix], [{:ecto, "~> 1.0 or ~> 2.0 or ~> 3.0", [hex: :ecto, repo: "hexpm", optional: true]}], "hexpm", "ebd7ef4d831e1b20fa4700f0de0284a04cac4347e813337978e25b4cc5cc2207"},
  "gen_agent": {:hex, :gen_agent, "0.6.2", "3eb51234975c74ffbb592c08f8972468b21d753f988d5a701f83661b41ff8702", [:mix], [{:telemetry, "~> 1.0", [hex: :telemetry, repo: "hexpm", optional: false]}], "hexpm", "c918a64fdfbbe16fcba328fe2ebe9f263a03065481b5e2f87ed20de2b77f453b"},
  "gen_agent_claude": {:hex, :gen_agent_claude, "0.2.2", "b397431619da84f8d89402481ed176b23b1db17d8550596f7099a237aae80612", [:mix], [{:claude_wrapper, "~> 0.14.5", [hex: :claude_wrapper, repo: "hexpm", optional: false]}, {:gen_agent, "~> 0.6.0 or ~> 0.7.0", [hex: :gen_agent, repo: "hexpm", optional: false]}], "hexpm", "afcb0b12069371719ee1897026547ae69be95560337510567ae601f80da40809"},
  "gen_agent_codex": {:hex, :gen_agent_codex, "0.4.2", "c1f64d4c04e9ced4dcf8a2fa270e1e0c7879aaa4a3e8ff45ead0c35fffb120f8", [:mix], [{:codex_wrapper, "~> 0.5.3", [hex: :codex_wrapper, repo: "hexpm", optional: false]}, {:gen_agent, "~> 0.6.0 or ~> 0.7.0", [hex: :gen_agent, repo: "hexpm", optional: false]}], "hexpm", "3c7a210d8b3ff5417bf217bdb3880b975b81ea0efd0ee79d65afa31665bdd110"},
  "gen_agent_ensemble": {:hex, :gen_agent_ensemble, "0.5.0", "43dec5b73849c514c5febfb9f83d68e6743ff19043827e27f776f570baf76cec", [:mix], [{:gen_agent, "~> 0.6.0 or ~> 0.7.0", [hex: :gen_agent, repo: "hexpm", optional: false]}, {:telemetry, "~> 1.0", [hex: :telemetry, repo: "hexpm", optional: false]}], "hexpm", "a31b14a8b381c0b68d876a07162bc9335ce8685ee3d8e692d8f29721ad0c2718"},
  "gen_stage": {:hex, :gen_stage, "1.3.2", "7c77e5d1e97de2c6c2f78f306f463bca64bf2f4c3cdd606affc0100b89743b7b", [:mix], [], "hexpm", "0ffae547fa777b3ed889a6b9e1e64566217413d018cabd825f786e843ffe63e7"},
  "jason": {:hex, :jason, "1.4.5", "2e3a008590b0b8d7388c20293e9dcc9cf3e5d642fd2a114e4cbbb52e595d940a", [:mix], [{:decimal, "~> 1.0 or ~> 2.0 or ~> 3.0", [hex: :decimal, repo: "hexpm", optional: true]}], "hexpm", "b0c823996102bcd0239b3c2444eb00409b72f6a140c1950bc8b457d836b30684"},
  "quantum": {:hex, :quantum, "3.5.3", "ee38838a07761663468145f489ad93e16a79440bebd7c0f90dc1ec9850776d99", [:mix], [{:crontab, "~> 1.1", [hex: :crontab, repo: "hexpm", optional: false]}, {:gen_stage, "~> 0.14 or ~> 1.0", [hex: :gen_stage, repo: "hexpm", optional: false]}, {:telemetry, "~> 0.4.3 or ~> 1.0", [hex: :telemetry, repo: "hexpm", optional: false]}, {:telemetry_registry, "~> 0.2", [hex: :telemetry_registry, repo: "hexpm", optional: false]}], "hexpm", "500fd3fa77dcd723ed9f766d4a175b684919ff7b6b8cfd9d7d0564d58eba8734"},
  "telemetry": {:hex, :telemetry, "1.4.2", "a0cb522801dffb1c49fe6e30561badffc7b6d0e180db1300df759faa22062855", [:rebar3], [], "hexpm", "928f6495066506077862c0d1646609eed891a4326bee3126ba54b60af61febb1"},
  "telemetry_registry": {:hex, :telemetry_registry, "0.3.2", "701576890320be6428189bff963e865e8f23e0ff3615eade8f78662be0fc003c", [:mix, :rebar3], [{:telemetry, "~> 1.0", [hex: :telemetry, repo: "hexpm", optional: false]}], "hexpm", "e7ed191eb1d115a3034af8e1e35e4e63d5348851d556646d46ca3d1b4e16bab9"},
}
