%{
  "claude_wrapper": {:hex, :claude_wrapper, "0.14.4", "0154aef070662e43b6976312dc7ee0e734b6b17fd99cd73bff10fe7df71d201e", [:mix], [{:forcola, "~> 0.4.0", [hex: :forcola, repo: "hexpm", optional: true]}, {:jason, "~> 1.4", [hex: :jason, repo: "hexpm", optional: false]}, {:telemetry, "~> 1.0", [hex: :telemetry, repo: "hexpm", optional: false]}], "hexpm", "e8bcdcfe847822b7d17afdf897c5dffe4263f98bd02da2f25e073df9064997fe"},
  "codex_wrapper": {:hex, :codex_wrapper, "0.5.3", "278806a6a0e4b91a6ac5398edcfc3524162f2220e2ee85917cd12bb0ecef747a", [:mix], [{:forcola, "~> 0.3.5", [hex: :forcola, repo: "hexpm", optional: true]}, {:jason, "~> 1.4", [hex: :jason, repo: "hexpm", optional: false]}, {:telemetry, "~> 1.0", [hex: :telemetry, repo: "hexpm", optional: false]}], "hexpm", "a93b0a27b2520e34fc5d90d91c208509ed4081fa678c7f0af25750f90893d9a7"},
  "crontab": {:hex, :crontab, "1.2.0", "503611820257939d5d0fd272eb2b454f48a470435a809479ddc2c40bb515495c", [:mix], [{:ecto, "~> 1.0 or ~> 2.0 or ~> 3.0", [hex: :ecto, repo: "hexpm", optional: true]}], "hexpm", "ebd7ef4d831e1b20fa4700f0de0284a04cac4347e813337978e25b4cc5cc2207"},
  "gen_agent": {:hex, :gen_agent, "0.4.0", "af670ea5eb1056fa352324ed89f759a293e6f14a027f0db748d9892f9132d873", [:mix], [{:telemetry, "~> 1.0", [hex: :telemetry, repo: "hexpm", optional: false]}], "hexpm", "71ec38c8886b5a0d384ddf87693b1a63bdecb5f1ae84dd6eed84f40c0e2c3912"},
  "gen_agent_claude": {:hex, :gen_agent_claude, "0.1.4", "6cd83777e0b819070297d4637143c2565413d71041d83269e3ec9841f7592e0f", [:mix], [{:claude_wrapper, "~> 0.14.3", [hex: :claude_wrapper, repo: "hexpm", optional: false]}, {:gen_agent, "~> 0.2.0 or ~> 0.3.0 or ~> 0.4.0", [hex: :gen_agent, repo: "hexpm", optional: false]}], "hexpm", "ced96fa70f118931e5fe856a4ce58f7c4ec231e134c6c93708e9febe053ddde5"},
  "gen_agent_codex": {:hex, :gen_agent_codex, "0.2.4", "57eba8e7c8076d0d49e9f319cb615e13d2bb138a6799e181c58c99a592308a2d", [:mix], [{:codex_wrapper, "~> 0.5.3", [hex: :codex_wrapper, repo: "hexpm", optional: false]}, {:gen_agent, "~> 0.2.0 or ~> 0.3.0 or ~> 0.4.0", [hex: :gen_agent, repo: "hexpm", optional: false]}], "hexpm", "017306605d53ee717b7c7500815edce50dafd4e70c86153a0c0e7d3fc2642153"},
  "gen_agent_ensemble": {:hex, :gen_agent_ensemble, "0.2.0", "7614412139a4a9909b729ad8e5f71a0c73950ea4cecb4d03a6950b1229f38496", [:mix], [{:gen_agent, "~> 0.3.0 or ~> 0.4.0", [hex: :gen_agent, repo: "hexpm", optional: false]}, {:telemetry, "~> 1.0", [hex: :telemetry, repo: "hexpm", optional: false]}], "hexpm", "281005608bb436a843043549991b3962e497542de12a859e352c21404280aa00"},
  "gen_stage": {:hex, :gen_stage, "1.3.2", "7c77e5d1e97de2c6c2f78f306f463bca64bf2f4c3cdd606affc0100b89743b7b", [:mix], [], "hexpm", "0ffae547fa777b3ed889a6b9e1e64566217413d018cabd825f786e843ffe63e7"},
  "jason": {:hex, :jason, "1.4.5", "2e3a008590b0b8d7388c20293e9dcc9cf3e5d642fd2a114e4cbbb52e595d940a", [:mix], [{:decimal, "~> 1.0 or ~> 2.0 or ~> 3.0", [hex: :decimal, repo: "hexpm", optional: true]}], "hexpm", "b0c823996102bcd0239b3c2444eb00409b72f6a140c1950bc8b457d836b30684"},
  "quantum": {:hex, :quantum, "3.5.3", "ee38838a07761663468145f489ad93e16a79440bebd7c0f90dc1ec9850776d99", [:mix], [{:crontab, "~> 1.1", [hex: :crontab, repo: "hexpm", optional: false]}, {:gen_stage, "~> 0.14 or ~> 1.0", [hex: :gen_stage, repo: "hexpm", optional: false]}, {:telemetry, "~> 0.4.3 or ~> 1.0", [hex: :telemetry, repo: "hexpm", optional: false]}, {:telemetry_registry, "~> 0.2", [hex: :telemetry_registry, repo: "hexpm", optional: false]}], "hexpm", "500fd3fa77dcd723ed9f766d4a175b684919ff7b6b8cfd9d7d0564d58eba8734"},
  "telemetry": {:hex, :telemetry, "1.4.2", "a0cb522801dffb1c49fe6e30561badffc7b6d0e180db1300df759faa22062855", [:rebar3], [], "hexpm", "928f6495066506077862c0d1646609eed891a4326bee3126ba54b60af61febb1"},
  "telemetry_registry": {:hex, :telemetry_registry, "0.3.2", "701576890320be6428189bff963e865e8f23e0ff3615eade8f78662be0fc003c", [:mix, :rebar3], [{:telemetry, "~> 1.0", [hex: :telemetry, repo: "hexpm", optional: false]}], "hexpm", "e7ed191eb1d115a3034af8e1e35e4e63d5348851d556646d46ca3d1b4e16bab9"},
}
